
Microsoft Visual Studio Solution File, Format Version 12.00
# Visual Studio Version 17
VisualStudioVersion = 17.0.32126.317
MinimumVisualStudioVersion = 10.0.40219.1
Project("{FAE04EC0-301F-11D3-BF4B-00C04F79EFBC}") = "EFCore.WebApi", "EFCore.WebApi.csproj", "{84495864-584B-4095-BF3A-4BEDD5203CEC}"
EndProject
Project("{FAE04EC0-301F-11D3-BF4B-00C04F79EFBC}") = "EFCore.Domain", "..\EFCore.Domain\EFCore.Domain.csproj", "{F1039EA2-C9B0-4AE7-A370-A6E20696A58E}"
EndProject
Project("{FAE04EC0-301F-11D3-BF4B-00C04F79EFBC}") = "EFCore.Repository", "..\EFCore.Repository\EFCore.Repository.csproj", "{D4420DC6-30E9-4E46-A5F5-27EF3072CD83}"
EndProject
Global
	GlobalSection(SolutionConfigurationPlatforms) = preSolution
		Debug|Any CPU = Debug|Any CPU
		Release|Any CPU = Release|Any CPU
	EndGlobalSection
	GlobalSection(ProjectConfigurationPlatforms) = postSolution
		{84495864-584B-4095-BF3A-4BEDD5203CEC}.Debug|Any CPU.ActiveCfg = Debug|Any CPU
		{84495864-584B-4095-BF3A-4BEDD5203CEC}.Debug|Any CPU.Build.0 = Debug|Any CPU
		{84495864-584B-4095-BF3A-4BEDD5203CEC}.Release|Any CPU.ActiveCfg = Release|Any CPU
		{84495864-584B-4095-BF3A-4BEDD5203CEC}.Release|Any CPU.Build.0 = Release|Any CPU
		{F1039EA2-C9B0-4AE7-A370-A6E20696A58E}.Debug|Any CPU.ActiveCfg = Debug|Any CPU
		{F1039EA2-C9B0-4AE7-A370-A6E20696A58E}.Debug|Any CPU.Build.0 = Debug|Any CPU
		{F1039EA2-C9B0-4AE7-A370-A6E20696A58E}.Release|Any CPU.ActiveCfg = Release|Any CPU
		{F1039EA2-C9B0-4AE7-A370-A6E20696A58E}.Release|Any CPU.Build.0 = Release|Any CPU
		{D4420DC6-30E9-4E46-A5F5-27EF3072CD83}.Debug|Any CPU.ActiveCfg = Debug|Any CPU
		{D4420DC6-30E9-4E46-A5F5-27EF3072CD83}.Debug|Any CPU.Build.0 = Debug|Any CPU
		{D4420DC6-30E9-4E46-A5F5-27EF3072CD83}.Release|Any CPU.ActiveCfg = Release|Any CPU
		{D4420DC6-30E9-4E46-A5F5-27EF3072CD83}.Release|Any CPU.Build.0 = Release|Any CPU
	EndGlobalSection
	GlobalSection(SolutionProperties) = preSolution
		HideSolutionNode = FALSE
	EndGlobalSection
	GlobalSection(ExtensibilityGlobals) = postSolution
		SolutionGuid = {F770B315-A9CD-4AAF-9EBA-4AE7D23D99AD}
	EndGlobalSection
EndGlobal
